PODS:
  - NBJMergeLayout-ObjC (1.0.1)
  - NBJNibBasedView-ObjC (1.0.0)

DEPENDENCIES:
  - NBJMergeLayout-ObjC (~> 1.0.1)
  - NBJNibBasedView-ObjC (from `../`)

EXTERNAL SOURCES:
  NBJNibBasedView-ObjC:
    :path: ../

SPEC CHECKSUMS:
  NBJMergeLayout-ObjC: 03bef73ee9bff74d9cc0ccfd2c0083d183359cf7
  NBJNibBasedView-ObjC: fd01402902edca218944e3ad31b5f0ca690f7bdd

COCOAPODS: 0.33.1
